# This file is autogenerated, do not edit; changes may be undone by the next 'dep ensure'.


[[projects]]
  branch = "master"
  name = "github.com/gin-contrib/sse"
  packages = ["."]
  revision = "22d885f9ecc78bf4ee5d72b937e4bbcdc58e8cae"

[[projects]]
  name = "github.com/gin-gonic/gin"
  packages = [".","binding","render"]
  revision = "d459835d2b077e44f7c9b453505ee29881d5d12d"
  version = "v1.2"

[[projects]]
  branch = "master"
  name = "github.com/golang/protobuf"
  packages = ["proto"]
  revision = "130e6b02ab059e7b717a096f397c5b60111cae74"

[[projects]]
  name = "github.com/mattn/go-isatty"
  packages = ["."]
  revision = "a5cdd64afdee435007ee3e9f6ed4684af949d568"

[[projects]]
  name = "github.com/sendgrid/rest"
  packages = ["."]
  revision = "80b39aaf5a30edab5bf2f99d56052abe01a0d41d"
  version = "v2.4.0"

[[projects]]
  name = "github.com/sendgrid/sendgrid-go"
  packages = [".","helpers/mail"]
  revision = "8caf17aa96b4a98bae8bd216878dd50ff12897b5"
  version = "v3.4.1"

[[projects]]
  name = "github.com/ugorji/go"
  packages = ["codec"]
  revision = "c8210b25554128b6d32628ab706ac43706e37ae0"

[[projects]]
  name = "golang.org/x/sys"
  packages = ["unix"]
  revision = "ebfc5b4631820b793c9010c87fd8fef0f39eb082"

[[projects]]
  name = "gopkg.in/go-playground/validator.v8"
  packages = ["."]
  revision = "5f1438d3fca68893a817e4a66806cea46a9e4ebf"
  version = "v8.18.2"

[[projects]]
  branch = "v2"
  name = "gopkg.in/yaml.v2"
  packages = ["."]
  revision = "eb3733d160e74a9c7e442f435eb3bea458e1d19f"

[solve-meta]
  analyzer-name = "dep"
  analyzer-version = 1
  inputs-digest = "52d07e5ef5c7efb19308fa7288d5e617273c202d51480b495e8c882cfa8e840e"
  solver-name = "gps-cdcl"
  solver-version = 1
